{
  "requires": true,
  "lockfileVersion": 1,
  "dependencies": {
    "@crazyfactory/tinka": {
      "version": "1.8.2",
      "resolved": "https://registry.npmjs.org/@crazyfactory/tinka/-/tinka-1.8.2.tgz",
      "integrity": "sha512-j8nD7kyafsso1H6YsQc4FhKnDbdkdLkypdZG4hnuRKIMlGb73USpYdQvmjLQMZprt+vW1uxYtQuxRNICh+c1Jg=="
    }
  }
}
